
Microsoft Visual Studio Solution File, Format Version 9.00
# Visual Studio 2005
Project("{8BC9CEB8-8B4A-11D0-8D11-00A0C91BC942}") = "fffreechat", "fffreechat\fffreechat.vcproj", "{D4302FF1-B67B-4FA2-9C39-1DF4E5B0F814}"
EndProject
Global
	GlobalSection(SubversionScc) = preSolution
		Svn-Managed = True
		Manager = AnkhSVN - Subversion Support for Visual Studio
	EndGlobalSection
	GlobalSection(SolutionConfigurationPlatforms) = preSolution
		Debug|Win32 = Debug|Win32
		Release|Win32 = Release|Win32
	EndGlobalSection
	GlobalSection(ProjectConfigurationPlatforms) = postSolution
		{D4302FF1-B67B-4FA2-9C39-1DF4E5B0F814}.Debug|Win32.ActiveCfg = Debug|Win32
		{D4302FF1-B67B-4FA2-9C39-1DF4E5B0F814}.Debug|Win32.Build.0 = Debug|Win32
		{D4302FF1-B67B-4FA2-9C39-1DF4E5B0F814}.Release|Win32.ActiveCfg = Release|Win32
		{D4302FF1-B67B-4FA2-9C39-1DF4E5B0F814}.Release|Win32.Build.0 = Release|Win32
	EndGlobalSection
	GlobalSection(SolutionProperties) = preSolution
		HideSolutionNode = FALSE
	EndGlobalSection
EndGlobal
